
Microsoft Visual Studio Solution File, Format Version 12.00
# Visual Studio Version 17
VisualStudioVersion = 17.14.36408.4
MinimumVisualStudioVersion = 10.0.40219.1
Project("{FAE04EC0-301F-11D3-BF4B-00C04F79EFBC}") = "GameProtogenAPI", "GameProtogenAPI\GameProtogenAPI.csproj", "{92C272DC-25B3-42AE-BEC4-0606E41ED329}"
EndProject
Project("{FAE04EC0-301F-11D3-BF4B-00C04F79EFBC}") = "GameProtogenAPI.Tests", "GameProtogenAPI.Tests\GameProtogenAPI.Tests.csproj", "{80C76BCE-AECC-4CCD-BFC9-B568DC66D1CD}"
EndProject
Project("{FAE04EC0-301F-11D3-BF4B-00C04F79EFBC}") = "GameProtogenAPI.OnlineTests", "GameProtogenAPI.OnlineTests\GameProtogenAPI.OnlineTests.csproj", "{2B019D26-6438-4BE5-812D-828DE3C8CA87}"
EndProject
Global
	GlobalSection(SolutionConfigurationPlatforms) = preSolution
		Debug|Any CPU = Debug|Any CPU
		Release|Any CPU = Release|Any CPU
	EndGlobalSection
	GlobalSection(ProjectConfigurationPlatforms) = postSolution
		{92C272DC-25B3-42AE-BEC4-0606E41ED329}.Debug|Any CPU.ActiveCfg = Debug|Any CPU
		{92C272DC-25B3-42AE-BEC4-0606E41ED329}.Debug|Any CPU.Build.0 = Debug|Any CPU
		{92C272DC-25B3-42AE-BEC4-0606E41ED329}.Release|Any CPU.ActiveCfg = Release|Any CPU
		{92C272DC-25B3-42AE-BEC4-0606E41ED329}.Release|Any CPU.Build.0 = Release|Any CPU
		{80C76BCE-AECC-4CCD-BFC9-B568DC66D1CD}.Debug|Any CPU.ActiveCfg = Debug|Any CPU
		{80C76BCE-AECC-4CCD-BFC9-B568DC66D1CD}.Debug|Any CPU.Build.0 = Debug|Any CPU
		{80C76BCE-AECC-4CCD-BFC9-B568DC66D1CD}.Release|Any CPU.ActiveCfg = Release|Any CPU
		{80C76BCE-AECC-4CCD-BFC9-B568DC66D1CD}.Release|Any CPU.Build.0 = Release|Any CPU
		{2B019D26-6438-4BE5-812D-828DE3C8CA87}.Debug|Any CPU.ActiveCfg = Debug|Any CPU
		{2B019D26-6438-4BE5-812D-828DE3C8CA87}.Debug|Any CPU.Build.0 = Debug|Any CPU
		{2B019D26-6438-4BE5-812D-828DE3C8CA87}.Release|Any CPU.ActiveCfg = Release|Any CPU
		{2B019D26-6438-4BE5-812D-828DE3C8CA87}.Release|Any CPU.Build.0 = Release|Any CPU
	EndGlobalSection
	GlobalSection(SolutionProperties) = preSolution
		HideSolutionNode = FALSE
	EndGlobalSection
	GlobalSection(ExtensibilityGlobals) = postSolution
		SolutionGuid = {28F444BC-A3C9-480D-ACB5-82EDB60C328D}
	EndGlobalSection
EndGlobal
